
Microsoft Visual Studio Solution File, Format Version 12.00
# Visual Studio Version 16
VisualStudioVersion = 16.0.31129.286
MinimumVisualStudioVersion = 10.0.40219.1
Project("{9A19103F-16F7-4668-BE54-9A1E7A4F7556}") = "ConsoleTest", "ConsoleTest\ConsoleTest.csproj", "{4CDE6CA1-1C0D-47BC-8E96-DBEBC2460BB6}"
EndProject
Project("{FAE04EC0-301F-11D3-BF4B-00C04F79EFBC}") = "TestLibrary", "TestLibrary\TestLibrary.csproj", "{A181C4BA-AD48-44BE-A645-39B3AC515CC1}"
EndProject
Global
	GlobalSection(SolutionConfigurationPlatforms) = preSolution
		Debug|Any CPU = Debug|Any CPU
		Release|Any CPU = Release|Any CPU
	EndGlobalSection
	GlobalSection(ProjectConfigurationPlatforms) = postSolution
		{4CDE6CA1-1C0D-47BC-8E96-DBEBC2460BB6}.Debug|Any CPU.ActiveCfg = Debug|Any CPU
		{4CDE6CA1-1C0D-47BC-8E96-DBEBC2460BB6}.Debug|Any CPU.Build.0 = Debug|Any CPU
		{4CDE6CA1-1C0D-47BC-8E96-DBEBC2460BB6}.Release|Any CPU.ActiveCfg = Release|Any CPU
		{4CDE6CA1-1C0D-47BC-8E96-DBEBC2460BB6}.Release|Any CPU.Build.0 = Release|Any CPU
		{A181C4BA-AD48-44BE-A645-39B3AC515CC1}.Debug|Any CPU.ActiveCfg = Debug|Any CPU
		{A181C4BA-AD48-44BE-A645-39B3AC515CC1}.Debug|Any CPU.Build.0 = Debug|Any CPU
		{A181C4BA-AD48-44BE-A645-39B3AC515CC1}.Release|Any CPU.ActiveCfg = Release|Any CPU
		{A181C4BA-AD48-44BE-A645-39B3AC515CC1}.Release|Any CPU.Build.0 = Release|Any CPU
	EndGlobalSection
	GlobalSection(SolutionProperties) = preSolution
		HideSolutionNode = FALSE
	EndGlobalSection
	GlobalSection(ExtensibilityGlobals) = postSolution
		SolutionGuid = {AD2703AB-8355-4E53-BC79-64CCA47632D1}
	EndGlobalSection
EndGlobal
